
Microsoft Visual Studio Solution File, Format Version 12.00
# Visual Studio Version 16
VisualStudioVersion = 16.0.31727.386
MinimumVisualStudioVersion = 10.0.40219.1
Project("{FAE04EC0-301F-11D3-BF4B-00C04F79EFBC}") = "VeriTbaniProje", "VeriTbaniProje\VeriTbaniProje.csproj", "{A0467F3D-713E-48B5-847E-9DE47B79DFAE}"
EndProject
Global
	GlobalSection(SolutionConfigurationPlatforms) = preSolution
		Debug|Any CPU = Debug|Any CPU
		Release|Any CPU = Release|Any CPU
	EndGlobalSection
	GlobalSection(ProjectConfigurationPlatforms) = postSolution
		{A0467F3D-713E-48B5-847E-9DE47B79DFAE}.Debug|Any CPU.ActiveCfg = Debug|Any CPU
		{A0467F3D-713E-48B5-847E-9DE47B79DFAE}.Debug|Any CPU.Build.0 = Debug|Any CPU
		{A0467F3D-713E-48B5-847E-9DE47B79DFAE}.Release|Any CPU.ActiveCfg = Release|Any CPU
		{A0467F3D-713E-48B5-847E-9DE47B79DFAE}.Release|Any CPU.Build.0 = Release|Any CPU
	EndGlobalSection
	GlobalSection(SolutionProperties) = preSolution
		HideSolutionNode = FALSE
	EndGlobalSection
	GlobalSection(ExtensibilityGlobals) = postSolution
		SolutionGuid = {3DD08C6E-B68B-4FB0-9F3A-5D6179FA737C}
	EndGlobalSection
EndGlobal
